
Microsoft Visual Studio Solution File, Format Version 12.00
# Visual Studio Version 17
VisualStudioVersion = 17.9.34622.214
MinimumVisualStudioVersion = 10.0.40219.1
Project("{FAE04EC0-301F-11D3-BF4B-00C04F79EFBC}") = "ProyectoUnoServicios", "ProyectoUnoServicios.csproj", "{22B31360-1F09-42AA-AD86-71F219765666}"
EndProject
Project("{2150E333-8FDC-42A3-9474-1A3956D46DE8}") = "Elementos de la solución", "Elementos de la solución", "{08339AED-481D-4794-8979-1146C7A4DFA5}"
	ProjectSection(SolutionItems) = preProject
		Class1.cs = Class1.cs
	EndProjectSection
EndProject
Global
	GlobalSection(SolutionConfigurationPlatforms) = preSolution
		Debug|Any CPU = Debug|Any CPU
		Release|Any CPU = Release|Any CPU
	EndGlobalSection
	GlobalSection(ProjectConfigurationPlatforms) = postSolution
		{22B31360-1F09-42AA-AD86-71F219765666}.Debug|Any CPU.ActiveCfg = Debug|Any CPU
		{22B31360-1F09-42AA-AD86-71F219765666}.Debug|Any CPU.Build.0 = Debug|Any CPU
		{22B31360-1F09-42AA-AD86-71F219765666}.Release|Any CPU.ActiveCfg = Release|Any CPU
		{22B31360-1F09-42AA-AD86-71F219765666}.Release|Any CPU.Build.0 = Release|Any CPU
	EndGlobalSection
	GlobalSection(SolutionProperties) = preSolution
		HideSolutionNode = FALSE
	EndGlobalSection
	GlobalSection(ExtensibilityGlobals) = postSolution
		SolutionGuid = {1C764EE5-B17C-45E3-AA72-8434C6D60282}
	EndGlobalSection
EndGlobal
